
Microsoft Visual Studio Solution File, Format Version 12.00
# Visual Studio 15
VisualStudioVersion = 15.0.28307.1062
MinimumVisualStudioVersion = 10.0.40219.1
Project("{FAE04EC0-301F-11D3-BF4B-00C04F79EFBC}") = "Boem", "Boem\Boem.csproj", "{A25BA452-AAE4-4169-9019-5CBD817100B6}"
EndProject
Global
	GlobalSection(SolutionConfigurationPlatforms) = preSolution
		Debug|Any CPU = Debug|Any CPU
		Release|Any CPU = Release|Any CPU
	EndGlobalSection
	GlobalSection(ProjectConfigurationPlatforms) = postSolution
		{A25BA452-AAE4-4169-9019-5CBD817100B6}.Debug|Any CPU.ActiveCfg = Debug|Any CPU
		{A25BA452-AAE4-4169-9019-5CBD817100B6}.Debug|Any CPU.Build.0 = Debug|Any CPU
		{A25BA452-AAE4-4169-9019-5CBD817100B6}.Release|Any CPU.ActiveCfg = Release|Any CPU
		{A25BA452-AAE4-4169-9019-5CBD817100B6}.Release|Any CPU.Build.0 = Release|Any CPU
	EndGlobalSection
	GlobalSection(SolutionProperties) = preSolution
		HideSolutionNode = FALSE
	EndGlobalSection
	GlobalSection(ExtensibilityGlobals) = postSolution
		SolutionGuid = {E6273455-A13C-4BBB-913F-E6E5AC73C6E2}
	EndGlobalSection
EndGlobal
